
Microsoft Visual Studio Solution File, Format Version 12.00
# Visual Studio Version 17
VisualStudioVersion = 17.0.31903.59
MinimumVisualStudioVersion = 10.0.40219.1
Project("{2150E333-8FDC-42A3-9474-1A3956D46DE8}") = "src", "src", "{827E0CD3-B72D-47B6-A68D-7590B98EB39B}"
EndProject
Project("{FAE04EC0-301F-11D3-BF4B-00C04F79EFBC}") = "Todo.Contracts", "src\Todo.Contracts\Todo.Contracts.csproj", "{A50F478B-7047-4FEB-84D3-8AC770B53200}"
EndProject
Project("{FAE04EC0-301F-11D3-BF4B-00C04F79EFBC}") = "Todo.Host", "src\Todo.Host\Todo.Host.csproj", "{38DDDE5F-1070-4CFB-A4FE-CAA135381E5D}"
EndProject
Project("{2150E333-8FDC-42A3-9474-1A3956D46DE8}") = "tests", "tests", "{0AB3BF05-4346-4AA6-1389-037BE0695223}"
EndProject
Project("{FAE04EC0-301F-11D3-BF4B-00C04F79EFBC}") = "Todo.TestSupport", "tests\Todo.TestSupport\Todo.TestSupport.csproj", "{14B155F8-9387-48B3-A564-33802A768CA3}"
EndProject
Project("{FAE04EC0-301F-11D3-BF4B-00C04F79EFBC}") = "Todo.Api.Tests", "tests\Todo.Api.Tests\Todo.Api.Tests.csproj", "{BB8B0AF7-2F8B-488E-828A-87E4176160B8}"
EndProject
Global
	GlobalSection(SolutionConfigurationPlatforms) = preSolution
		Debug|Any CPU = Debug|Any CPU
		Debug|x64 = Debug|x64
		Debug|x86 = Debug|x86
		Release|Any CPU = Release|Any CPU
		Release|x64 = Release|x64
		Release|x86 = Release|x86
	EndGlobalSection
	GlobalSection(ProjectConfigurationPlatforms) = postSolution
		{A50F478B-7047-4FEB-84D3-8AC770B53200}.Debug|Any CPU.ActiveCfg = Debug|Any CPU
		{A50F478B-7047-4FEB-84D3-8AC770B53200}.Debug|Any CPU.Build.0 = Debug|Any CPU
		{A50F478B-7047-4FEB-84D3-8AC770B53200}.Debug|x64.ActiveCfg = Debug|Any CPU
		{A50F478B-7047-4FEB-84D3-8AC770B53200}.Debug|x64.Build.0 = Debug|Any CPU
		{A50F478B-7047-4FEB-84D3-8AC770B53200}.Debug|x86.ActiveCfg = Debug|Any CPU
		{A50F478B-7047-4FEB-84D3-8AC770B53200}.Debug|x86.Build.0 = Debug|Any CPU
		{A50F478B-7047-4FEB-84D3-8AC770B53200}.Release|Any CPU.ActiveCfg = Release|Any CPU
		{A50F478B-7047-4FEB-84D3-8AC770B53200}.Release|Any CPU.Build.0 = Release|Any CPU
		{A50F478B-7047-4FEB-84D3-8AC770B53200}.Release|x64.ActiveCfg = Release|Any CPU
		{A50F478B-7047-4FEB-84D3-8AC770B53200}.Release|x64.Build.0 = Release|Any CPU
		{A50F478B-7047-4FEB-84D3-8AC770B53200}.Release|x86.ActiveCfg = Release|Any CPU
		{A50F478B-7047-4FEB-84D3-8AC770B53200}.Release|x86.Build.0 = Release|Any CPU
		{38DDDE5F-1070-4CFB-A4FE-CAA135381E5D}.Debug|Any CPU.ActiveCfg = Debug|Any CPU
		{38DDDE5F-1070-4CFB-A4FE-CAA135381E5D}.Debug|Any CPU.Build.0 = Debug|Any CPU
		{38DDDE5F-1070-4CFB-A4FE-CAA135381E5D}.Debug|x64.ActiveCfg = Debug|Any CPU
		{38DDDE5F-1070-4CFB-A4FE-CAA135381E5D}.Debug|x64.Build.0 = Debug|Any CPU
		{38DDDE5F-1070-4CFB-A4FE-CAA135381E5D}.Debug|x86.ActiveCfg = Debug|Any CPU
		{38DDDE5F-1070-4CFB-A4FE-CAA135381E5D}.Debug|x86.Build.0 = Debug|Any CPU
		{38DDDE5F-1070-4CFB-A4FE-CAA135381E5D}.Release|Any CPU.ActiveCfg = Release|Any CPU
		{38DDDE5F-1070-4CFB-A4FE-CAA135381E5D}.Release|Any CPU.Build.0 = Release|Any CPU
		{38DDDE5F-1070-4CFB-A4FE-CAA135381E5D}.Release|x64.ActiveCfg = Release|Any CPU
		{38DDDE5F-1070-4CFB-A4FE-CAA135381E5D}.Release|x64.Build.0 = Release|Any CPU
		{38DDDE5F-1070-4CFB-A4FE-CAA135381E5D}.Release|x86.ActiveCfg = Release|Any CPU
		{38DDDE5F-1070-4CFB-A4FE-CAA135381E5D}.Release|x86.Build.0 = Release|Any CPU
		{14B155F8-9387-48B3-A564-33802A768CA3}.Debug|Any CPU.ActiveCfg = Debug|Any CPU
		{14B155F8-9387-48B3-A564-33802A768CA3}.Debug|Any CPU.Build.0 = Debug|Any CPU
		{14B155F8-9387-48B3-A564-33802A768CA3}.Debug|x64.ActiveCfg = Debug|Any CPU
		{14B155F8-9387-48B3-A564-33802A768CA3}.Debug|x64.Build.0 = Debug|Any CPU
		{14B155F8-9387-48B3-A564-33802A768CA3}.Debug|x86.ActiveCfg = Debug|Any CPU
		{14B155F8-9387-48B3-A564-33802A768CA3}.Debug|x86.Build.0 = Debug|Any CPU
		{14B155F8-9387-48B3-A564-33802A768CA3}.Release|Any CPU.ActiveCfg = Release|Any CPU
		{14B155F8-9387-48B3-A564-33802A768CA3}.Release|Any CPU.Build.0 = Release|Any CPU
		{14B155F8-9387-48B3-A564-33802A768CA3}.Release|x64.ActiveCfg = Release|Any CPU
		{14B155F8-9387-48B3-A564-33802A768CA3}.Release|x64.Build.0 = Release|Any CPU
		{14B155F8-9387-48B3-A564-33802A768CA3}.Release|x86.ActiveCfg = Release|Any CPU
		{14B155F8-9387-48B3-A564-33802A768CA3}.Release|x86.Build.0 = Release|Any CPU
		{BB8B0AF7-2F8B-488E-828A-87E4176160B8}.Debug|Any CPU.ActiveCfg = Debug|Any CPU
		{BB8B0AF7-2F8B-488E-828A-87E4176160B8}.Debug|Any CPU.Build.0 = Debug|Any CPU
		{BB8B0AF7-2F8B-488E-828A-87E4176160B8}.Debug|x64.ActiveCfg = Debug|Any CPU
		{BB8B0AF7-2F8B-488E-828A-87E4176160B8}.Debug|x64.Build.0 = Debug|Any CPU
		{BB8B0AF7-2F8B-488E-828A-87E4176160B8}.Debug|x86.ActiveCfg = Debug|Any CPU
		{BB8B0AF7-2F8B-488E-828A-87E4176160B8}.Debug|x86.Build.0 = Debug|Any CPU
		{BB8B0AF7-2F8B-488E-828A-87E4176160B8}.Release|Any CPU.ActiveCfg = Release|Any CPU
		{BB8B0AF7-2F8B-488E-828A-87E4176160B8}.Release|Any CPU.Build.0 = Release|Any CPU
		{BB8B0AF7-2F8B-488E-828A-87E4176160B8}.Release|x64.ActiveCfg = Release|Any CPU
		{BB8B0AF7-2F8B-488E-828A-87E4176160B8}.Release|x64.Build.0 = Release|Any CPU
		{BB8B0AF7-2F8B-488E-828A-87E4176160B8}.Release|x86.ActiveCfg = Release|Any CPU
		{BB8B0AF7-2F8B-488E-828A-87E4176160B8}.Release|x86.Build.0 = Release|Any CPU
	EndGlobalSection
	GlobalSection(SolutionProperties) = preSolution
		HideSolutionNode = FALSE
	EndGlobalSection
	GlobalSection(NestedProjects) = preSolution
		{A50F478B-7047-4FEB-84D3-8AC770B53200} = {827E0CD3-B72D-47B6-A68D-7590B98EB39B}
		{38DDDE5F-1070-4CFB-A4FE-CAA135381E5D} = {827E0CD3-B72D-47B6-A68D-7590B98EB39B}
		{14B155F8-9387-48B3-A564-33802A768CA3} = {0AB3BF05-4346-4AA6-1389-037BE0695223}
		{BB8B0AF7-2F8B-488E-828A-87E4176160B8} = {0AB3BF05-4346-4AA6-1389-037BE0695223}
	EndGlobalSection
EndGlobal
